
Microsoft Visual Studio Solution File, Format Version 12.00
# Visual Studio Version 17
VisualStudioVersion = 17.13.35825.156 d17.13
MinimumVisualStudioVersion = 10.0.40219.1
Project("{FAE04EC0-301F-11D3-BF4B-00C04F79EFBC}") = "Lab3", "Lab3\Lab3.csproj", "{DCCFABD6-CA03-422F-8AC6-FA00A440336B}"
EndProject
Global
	GlobalSection(SolutionConfigurationPlatforms) = preSolution
		Debug|Any CPU = Debug|Any CPU
		Release|Any CPU = Release|Any CPU
	EndGlobalSection
	GlobalSection(ProjectConfigurationPlatforms) = postSolution
		{DCCFABD6-CA03-422F-8AC6-FA00A440336B}.Debug|Any CPU.ActiveCfg = Debug|Any CPU
		{DCCFABD6-CA03-422F-8AC6-FA00A440336B}.Debug|Any CPU.Build.0 = Debug|Any CPU
		{DCCFABD6-CA03-422F-8AC6-FA00A440336B}.Release|Any CPU.ActiveCfg = Release|Any CPU
		{DCCFABD6-CA03-422F-8AC6-FA00A440336B}.Release|Any CPU.Build.0 = Release|Any CPU
	EndGlobalSection
	GlobalSection(SolutionProperties) = preSolution
		HideSolutionNode = FALSE
	EndGlobalSection
	GlobalSection(ExtensibilityGlobals) = postSolution
		SolutionGuid = {09683F2C-EAF9-4C0D-96ED-E4C1C21CD3A9}
	EndGlobalSection
EndGlobal
